PODS:
  - Differentiator (3.1.0)
  - RxBlocking (4.3.1):
    - RxSwift (~> 4.0)
  - RxCocoa (4.3.1):
    - RxSwift (~> 4.0)
  - RxDataSources (3.1.0):
    - Differentiator (~> 3.0)
    - RxCocoa (~> 4.0)
    - RxSwift (~> 4.0)
  - RxSwift (4.3.1)
  - RxTest (4.3.1):
    - RxSwift (~> 4.0)

DEPENDENCIES:
  - RxBlocking (~> 4.0)
  - RxCocoa (~> 4.0)
  - RxDataSources (~> 3.0)
  - RxSwift (~> 4.0)
  - RxTest (~> 4.0)

SPEC REPOS:
  https://github.com/cocoapods/specs.git:
    - Differentiator
    - RxBlocking
    - RxCocoa
    - RxDataSources
    - RxSwift
    - RxTest

SPEC CHECKSUMS:
  Differentiator: be49ca3408f0ecfc761e4c7763d20c62be01b9ad
  RxBlocking: 64c051285261ca2339481e91b5f70eb06b03660a
  RxCocoa: 78763c7b07d02455598d9fc3c1ad091a28b73635
  RxDataSources: a843bad90c29817f5923ec8163f4af2de084ceb3
  RxSwift: fe0fd770a43acdb7d0a53da411c9b892e69bb6e4
  RxTest: ea97a208826906f3904c0debdd09575ebcbfe216

PODFILE CHECKSUM: b7333415b8f90b70afe25fd3cc842aaa52589206

COCOAPODS: 1.5.3
